
Microsoft Visual Studio Solution File, Format Version 12.00
# Visual Studio Version 17
VisualStudioVersion = 17.13.35931.197 d17.13
MinimumVisualStudioVersion = 10.0.40219.1
Project("{D2ABAB84-BF74-430A-B69E-9DC6D40DDA17}") = "HospitalAnalytics", "HospitalAnalytics\HospitalAnalytics.dwproj", "{4A3D0941-BFB8-482E-58C1-7A2792BC9E79}"
EndProject
Global
	GlobalSection(SolutionConfigurationPlatforms) = preSolution
		Development|Default = Development|Default
	EndGlobalSection
	GlobalSection(ProjectConfigurationPlatforms) = postSolution
		{4A3D0941-BFB8-482E-58C1-7A2792BC9E79}.Development|Default.ActiveCfg = Development
		{4A3D0941-BFB8-482E-58C1-7A2792BC9E79}.Development|Default.Build.0 = Development
		{4A3D0941-BFB8-482E-58C1-7A2792BC9E79}.Development|Default.Deploy.0 = Development
	EndGlobalSection
	GlobalSection(SolutionProperties) = preSolution
		HideSolutionNode = FALSE
	EndGlobalSection
	GlobalSection(ExtensibilityGlobals) = postSolution
		SolutionGuid = {666FA96B-0C28-41CF-A500-9E31B521AF93}
	EndGlobalSection
EndGlobal
